
Microsoft Visual Studio Solution File, Format Version 12.00
# Visual Studio Version 17
VisualStudioVersion = 17.12.35323.107
MinimumVisualStudioVersion = 10.0.40219.1
Project("{FAE04EC0-301F-11D3-BF4B-00C04F79EFBC}") = "BusinessAnalyticsDashboard", "BusinessAnalyticsDashboard\BusinessAnalyticsDashboard.csproj", "{BA3009CB-C476-4A9D-8089-542A7740F064}"
EndProject
Global
	GlobalSection(SolutionConfigurationPlatforms) = preSolution
		Debug|Any CPU = Debug|Any CPU
		Release|Any CPU = Release|Any CPU
	EndGlobalSection
	GlobalSection(ProjectConfigurationPlatforms) = postSolution
		{BA3009CB-C476-4A9D-8089-542A7740F064}.Debug|Any CPU.ActiveCfg = Debug|Any CPU
		{BA3009CB-C476-4A9D-8089-542A7740F064}.Debug|Any CPU.Build.0 = Debug|Any CPU
		{BA3009CB-C476-4A9D-8089-542A7740F064}.Release|Any CPU.ActiveCfg = Release|Any CPU
		{BA3009CB-C476-4A9D-8089-542A7740F064}.Release|Any CPU.Build.0 = Release|Any CPU
	EndGlobalSection
	GlobalSection(SolutionProperties) = preSolution
		HideSolutionNode = FALSE
	EndGlobalSection
	GlobalSection(ExtensibilityGlobals) = postSolution
		SolutionGuid = {949B005F-D0BA-47C5-ADF6-A4B9D68D3D47}
	EndGlobalSection
EndGlobal
